<Solution>
  <Project Path="HeladeriaAPI.Query/HeladeriaAPI.Query.csproj" />
  <Project Path="HeladeriaAPI.Repository/HeladeriaAPI.Repository.csproj" />
  <Project Path="HeladeriaAPI/HeladeriaAPI.csproj" />
  <Project Path="HeladeriaAPI/HeladeriaAPI.Models/HeladeriaAPI.Models.csproj" />
</Solution>
